// !$*UTF8*$!
{
	archiveVersion = 1;
	classes = {
	};
	objectVersion = 46;
	objects = {

/* Begin PBXBuildFile section */
		8E1D5D9A1EAE442D0022A49A /* bar_01.png in Resources */ = {isa = PBXBuildFile; fileRef = 8E1D5D991EAE442D0022A49A /* bar_01.png */; };
		8E1D5D9C1EAE454F0022A49A /* GameViewController.swift in Sources */ = {isa = PBXBuildFile; fileRef = 8E1D5D9B1EAE454F0022A49A /* GameViewController.swift */; };
		8EEE44DE1EAC886800B4C03A /* AppDelegate.swift in Sources */ = {isa = PBXBuildFile; fileRef = 8EEE44DD1EAC886800B4C03A /* AppDelegate.swift */; };
		8EEE44E01EAC886800B4C03A /* ViewController.swift in Sources */ = {isa = PBXBuildFile; fileRef = 8EEE44DF1EAC886800B4C03A /* ViewController.swift */; };
		8EEE44E31EAC886800B4C03A /* Main.storyboard in Resources */ = {isa = PBXBuildFile; fileRef = 8EEE44E11EAC886800B4C03A /* Main.storyboard */; };
		8EEE44E51EAC886800B4C03A /* Assets.xcassets in Resources */ = {isa = PBXBuildFile; fileRef = 8EEE44E41EAC886800B4C03A /* Assets.xcassets */; };
		8EEE44E81EAC886800B4C03A /* LaunchScreen.storyboard in Resources */ = {isa = PBXBuildFile; fileRef = 8EEE44E61EAC886800B4C03A /* LaunchScreen.storyboard */; };
		8EEE44F31EAC886900B4C03A /* blockblockbattle02Tests.swift in Sources */ = {isa = PBXBuildFile; fileRef = 8EEE44F21EAC886900B4C03A /* blockblockbattle02Tests.swift */; };
		8EEE44FE1EAC886900B4C03A /* blockblockbattle02UITests.swift in Sources */ = {isa = PBXBuildFile; fileRef = 8EEE44FD1EAC886900B4C03A /* blockblockbattle02UITests.swift */; };
		CC3647F01EC19B8D007E88B3 /* 1.png in Resources */ = {isa = PBXBuildFile; fileRef = CC3647EC1EC19B8D007E88B3 /* 1.png */; };
		CC3647F11EC19B8D007E88B3 /* 2.png in Resources */ = {isa = PBXBuildFile; fileRef = CC3647ED1EC19B8D007E88B3 /* 2.png */; };
		CC3647F21EC19B8D007E88B3 /* 3.png in Resources */ = {isa = PBXBuildFile; fileRef = CC3647EE1EC19B8D007E88B3 /* 3.png */; };
		CC3647F31EC19B8D007E88B3 /* go.png in Resources */ = {isa = PBXBuildFile; fileRef = CC3647EF1EC19B8D007E88B3 /* go.png */; };
		CC3647F51EC1A329007E88B3 /* topImage.png in Resources */ = {isa = PBXBuildFile; fileRef = CC3647F41EC1A329007E88B3 /* topImage.png */; };
		CC3647F91EC1AFB7007E88B3 /* asobikataBtn.png in Resources */ = {isa = PBXBuildFile; fileRef = CC3647F61EC1AFB7007E88B3 /* asobikataBtn.png */; };
		CC3647FA1EC1AFB7007E88B3 /* sensekiBtn.png in Resources */ = {isa = PBXBuildFile; fileRef = CC3647F71EC1AFB7007E88B3 /* sensekiBtn.png */; };
		CC3647FB1EC1AFB7007E88B3 /* startBtn.png in Resources */ = {isa = PBXBuildFile; fileRef = CC3647F81EC1AFB7007E88B3 /* startBtn.png */; };
		CC3647FD1EC1B327007E88B3 /* taisenBtn.png in Resources */ = {isa = PBXBuildFile; fileRef = CC3647FC1EC1B327007E88B3 /* taisenBtn.png */; };
		CCAE70AD1EBFCFB400E15752 /* PixelMplus12-Regular.ttf in Resources */ = {isa = PBXBuildFile; fileRef = CCAE70AC1EBF617F00E15752 /* PixelMplus12-Regular.ttf */; };
		CCB7EFA51EBCB5D2001E715A /* block_blue.png in Resources */ = {isa = PBXBuildFile; fileRef = CCB7EFA11EBCB5D2001E715A /* block_blue.png */; };
		CCB7EFA61EBCB5D2001E715A /* block_green.png in Resources */ = {isa = PBXBuildFile; fileRef = CCB7EFA21EBCB5D2001E715A /* block_green.png */; };
		CCB7EFA71EBCB5D2001E715A /* block_red.png in Resources */ = {isa = PBXBuildFile; fileRef = CCB7EFA31EBCB5D2001E715A /* block_red.png */; };
		CCB7EFA81EBCB5D2001E715A /* block_yellow.png in Resources */ = {isa = PBXBuildFile; fileRef = CCB7EFA41EBCB5D2001E715A /* block_yellow.png */; };
/* End PBXBuildFile section */

/* Begin PBXContainerItemProxy section */
		8EEE44EF1EAC886900B4C03A /* PBXContainerItemProxy */ = {
			isa = PBXContainerItemProxy;
			containerPortal = 8EEE44D21EAC886800B4C03A /* Project object */;
			proxyType = 1;
			remoteGlobalIDString = 8EEE44D91EAC886800B4C03A;
			remoteInfo = blockblockbattle02;
		};
		8EEE44FA1EAC886900B4C03A /* PBXContainerItemProxy */ = {
			isa = PBXContainerItemProxy;
			containerPortal = 8EEE44D21EAC886800B4C03A /* Project object */;
			proxyType = 1;
			remoteGlobalIDString = 8EEE44D91EAC886800B4C03A;
			remoteInfo = blockblockbattle02;
		};
/* End PBXContainerItemProxy section */

/* Begin PBXFileReference section */
		8E1D5D991EAE442D0022A49A /* bar_01.png */ = {isa = PBXFileReference; lastKnownFileType = image.png; path = bar_01.png; sourceTree = "<group>"; };
		8E1D5D9B1EAE454F0022A49A /* GameViewController.swift */ = {isa = PBXFileReference; fileEncoding = 4; lastKnownFileType = sourcecode.swift; path = GameViewController.swift; sourceTree = "<group>"; };
		8EEE44DA1EAC886800B4C03A /* blockblockbattle02.app */ = {isa = PBXFileReference; explicitFileType = wrapper.application; includeInIndex = 0; path = blockblockbattle02.app; sourceTree = BUILT_PRODUCTS_DIR; };
		8EEE44DD1EAC886800B4C03A /* AppDelegate.swift */ = {isa = PBXFileReference; lastKnownFileType = sourcecode.swift; path = AppDelegate.swift; sourceTree = "<group>"; };
		8EEE44DF1EAC886800B4C03A /* ViewController.swift */ = {isa = PBXFileReference; lastKnownFileType = sourcecode.swift; path = ViewController.swift; sourceTree = "<group>"; };
		8EEE44E21EAC886800B4C03A /* Base */ = {isa = PBXFileReference; lastKnownFileType = file.storyboard; name = Base; path = Base.lproj/Main.storyboard; sourceTree = "<group>"; };
		8EEE44E41EAC886800B4C03A /* Assets.xcassets */ = {isa = PBXFileReference; lastKnownFileType = folder.assetcatalog; path = Assets.xcassets; sourceTree = "<group>"; };
		8EEE44E71EAC886800B4C03A /* Base */ = {isa = PBXFileReference; lastKnownFileType = file.storyboard; name = Base; path = Base.lproj/LaunchScreen.storyboard; sourceTree = "<group>"; };
		8EEE44E91EAC886800B4C03A /* Info.plist */ = {isa = PBXFileReference; lastKnownFileType = text.plist.xml; path = Info.plist; sourceTree = "<group>"; };
		8EEE44EE1EAC886900B4C03A /* blockblockbattle02Tests.xctest */ = {isa = PBXFileReference; explicitFileType = wrapper.cfbundle; includeInIndex = 0; path = blockblockbattle02Tests.xctest; sourceTree = BUILT_PRODUCTS_DIR; };
		8EEE44F21EAC886900B4C03A /* blockblockbattle02Tests.swift */ = {isa = PBXFileReference; lastKnownFileType = sourcecode.swift; path = blockblockbattle02Tests.swift; sourceTree = "<group>"; };
		8EEE44F41EAC886900B4C03A /* Info.plist */ = {isa = PBXFileReference; lastKnownFileType = text.plist.xml; path = Info.plist; sourceTree = "<group>"; };
		8EEE44F91EAC886900B4C03A /* blockblockbattle02UITests.xctest */ = {isa = PBXFileReference; explicitFileType = wrapper.cfbundle; includeInIndex = 0; path = blockblockbattle02UITests.xctest; sourceTree = BUILT_PRODUCTS_DIR; };
		8EEE44FD1EAC886900B4C03A /* blockblockbattle02UITests.swift */ = {isa = PBXFileReference; lastKnownFileType = sourcecode.swift; path = blockblockbattle02UITests.swift; sourceTree = "<group>"; };
		8EEE44FF1EAC886900B4C03A /* Info.plist */ = {isa = PBXFileReference; lastKnownFileType = text.plist.xml; path = Info.plist; sourceTree = "<group>"; };
		CC3647EC1EC19B8D007E88B3 /* 1.png */ = {isa = PBXFileReference; lastKnownFileType = image.png; path = 1.png; sourceTree = "<group>"; };
		CC3647ED1EC19B8D007E88B3 /* 2.png */ = {isa = PBXFileReference; lastKnownFileType = image.png; path = 2.png; sourceTree = "<group>"; };
		CC3647EE1EC19B8D007E88B3 /* 3.png */ = {isa = PBXFileReference; lastKnownFileType = image.png; path = 3.png; sourceTree = "<group>"; };
		CC3647EF1EC19B8D007E88B3 /* go.png */ = {isa = PBXFileReference; lastKnownFileType = image.png; path = go.png; sourceTree = "<group>"; };
		CC3647F41EC1A329007E88B3 /* topImage.png */ = {isa = PBXFileReference; lastKnownFileType = image.png; path = topImage.png; sourceTree = "<group>"; };
		CC3647F61EC1AFB7007E88B3 /* asobikataBtn.png */ = {isa = PBXFileReference; lastKnownFileType = image.png; path = asobikataBtn.png; sourceTree = "<group>"; };
		CC3647F71EC1AFB7007E88B3 /* sensekiBtn.png */ = {isa = PBXFileReference; lastKnownFileType = image.png; path = sensekiBtn.png; sourceTree = "<group>"; };
		CC3647F81EC1AFB7007E88B3 /* startBtn.png */ = {isa = PBXFileReference; lastKnownFileType = image.png; path = startBtn.png; sourceTree = "<group>"; };
		CC3647FC1EC1B327007E88B3 /* taisenBtn.png */ = {isa = PBXFileReference; lastKnownFileType = image.png; path = taisenBtn.png; sourceTree = "<group>"; };
		CCAE70AC1EBF617F00E15752 /* PixelMplus12-Regular.ttf */ = {isa = PBXFileReference; lastKnownFileType = file; path = "PixelMplus12-Regular.ttf"; sourceTree = "<group>"; };
		CCB7EFA11EBCB5D2001E715A /* block_blue.png */ = {isa = PBXFileReference; lastKnownFileType = image.png; path = block_blue.png; sourceTree = "<group>"; };
		CCB7EFA21EBCB5D2001E715A /* block_green.png */ = {isa = PBXFileReference; lastKnownFileType = image.png; path = block_green.png; sourceTree = "<group>"; };
		CCB7EFA31EBCB5D2001E715A /* block_red.png */ = {isa = PBXFileReference; lastKnownFileType = image.png; path = block_red.png; sourceTree = "<group>"; };
		CCB7EFA41EBCB5D2001E715A /* block_yellow.png */ = {isa = PBXFileReference; lastKnownFileType = image.png; path = block_yellow.png; sourceTree = "<group>"; };
/* End PBXFileReference section */

/* Begin PBXFrameworksBuildPhase section */
		8EEE44D71EAC886800B4C03A /* Frameworks */ = {
			isa = PBXFrameworksBuildPhase;
			buildActionMask = 2147483647;
			files = (
			);
			runOnlyForDeploymentPostprocessing = 0;
		};
		8EEE44EB1EAC886900B4C03A /* Frameworks */ = {
			isa = PBXFrameworksBuildPhase;
			buildActionMask = 2147483647;
			files = (
			);
			runOnlyForDeploymentPostprocessing = 0;
		};
		8EEE44F61EAC886900B4C03A /* Frameworks */ = {
			isa = PBXFrameworksBuildPhase;
			buildActionMask = 2147483647;
			files = (
			);
			runOnlyForDeploymentPostprocessing = 0;
		};
/* End PBXFrameworksBuildPhase section */

/* Begin PBXGroup section */
		8EEE44D11EAC886800B4C03A = {
			isa = PBXGroup;
			children = (
				CC6924F21EC234B1002EC23F /* image */,
				8EEE44DC1EAC886800B4C03A /* blockblockbattle02 */,
				8EEE44F11EAC886900B4C03A /* blockblockbattle02Tests */,
				8EEE44FC1EAC886900B4C03A /* blockblockbattle02UITests */,
				8EEE44DB1EAC886800B4C03A /* Products */,
			);
			sourceTree = "<group>";
		};
		8EEE44DB1EAC886800B4C03A /* Products */ = {
			isa = PBXGroup;
			children = (
				8EEE44DA1EAC886800B4C03A /* blockblockbattle02.app */,
				8EEE44EE1EAC886900B4C03A /* blockblockbattle02Tests.xctest */,
				8EEE44F91EAC886900B4C03A /* blockblockbattle02UITests.xctest */,
			);
			name = Products;
			sourceTree = "<group>";
		};
		8EEE44DC1EAC886800B4C03A /* blockblockbattle02 */ = {
			isa = PBXGroup;
			children = (
				8EEE44DD1EAC886800B4C03A /* AppDelegate.swift */,
				8EEE44DF1EAC886800B4C03A /* ViewController.swift */,
				8E1D5D9B1EAE454F0022A49A /* GameViewController.swift */,
				8EEE44E11EAC886800B4C03A /* Main.storyboard */,
				8EEE44E41EAC886800B4C03A /* Assets.xcassets */,
				8EEE44E61EAC886800B4C03A /* LaunchScreen.storyboard */,
				8EEE44E91EAC886800B4C03A /* Info.plist */,
			);
			path = blockblockbattle02;
			sourceTree = "<group>";
		};
		8EEE44F11EAC886900B4C03A /* blockblockbattle02Tests */ = {
			isa = PBXGroup;
			children = (
				8EEE44F21EAC886900B4C03A /* blockblockbattle02Tests.swift */,
				8EEE44F41EAC886900B4C03A /* Info.plist */,
			);
			path = blockblockbattle02Tests;
			sourceTree = "<group>";
		};
		8EEE44FC1EAC886900B4C03A /* blockblockbattle02UITests */ = {
			isa = PBXGroup;
			children = (
				8EEE44FD1EAC886900B4C03A /* blockblockbattle02UITests.swift */,
				8EEE44FF1EAC886900B4C03A /* Info.plist */,
			);
			path = blockblockbattle02UITests;
			sourceTree = "<group>";
		};
		CC6924F21EC234B1002EC23F /* image */ = {
			isa = PBXGroup;
			children = (
				CCAE70AC1EBF617F00E15752 /* PixelMplus12-Regular.ttf */,
				CC3647FC1EC1B327007E88B3 /* taisenBtn.png */,
				CC3647F61EC1AFB7007E88B3 /* asobikataBtn.png */,
				CC3647F71EC1AFB7007E88B3 /* sensekiBtn.png */,
				CC3647F81EC1AFB7007E88B3 /* startBtn.png */,
				CC3647F41EC1A329007E88B3 /* topImage.png */,
				CC3647EC1EC19B8D007E88B3 /* 1.png */,
				CC3647ED1EC19B8D007E88B3 /* 2.png */,
				CC3647EE1EC19B8D007E88B3 /* 3.png */,
				CC3647EF1EC19B8D007E88B3 /* go.png */,
				8E1D5D991EAE442D0022A49A /* bar_01.png */,
				CCB7EFA11EBCB5D2001E715A /* block_blue.png */,
				CCB7EFA21EBCB5D2001E715A /* block_green.png */,
				CCB7EFA31EBCB5D2001E715A /* block_red.png */,
				CCB7EFA41EBCB5D2001E715A /* block_yellow.png */,
			);
			name = image;
			sourceTree = "<group>";
		};
/* End PBXGroup section */

/* Begin PBXNativeTarget section */
		8EEE44D91EAC886800B4C03A /* blockblockbattle02 */ = {
			isa = PBXNativeTarget;
			buildConfigurationList = 8EEE45021EAC886900B4C03A /* Build configuration list for PBXNativeTarget "blockblockbattle02" */;
			buildPhases = (
				8EEE44D61EAC886800B4C03A /* Sources */,
				8EEE44D71EAC886800B4C03A /* Frameworks */,
				8EEE44D81EAC886800B4C03A /* Resources */,
			);
			buildRules = (
			);
			dependencies = (
			);
			name = blockblockbattle02;
			productName = blockblockbattle02;
			productReference = 8EEE44DA1EAC886800B4C03A /* blockblockbattle02.app */;
			productType = "com.apple.product-type.application";
		};
		8EEE44ED1EAC886900B4C03A /* blockblockbattle02Tests */ = {
			isa = PBXNativeTarget;
			buildConfigurationList = 8EEE45051EAC886900B4C03A /* Build configuration list for PBXNativeTarget "blockblockbattle02Tests" */;
			buildPhases = (
				8EEE44EA1EAC886900B4C03A /* Sources */,
				8EEE44EB1EAC886900B4C03A /* Frameworks */,
				8EEE44EC1EAC886900B4C03A /* Resources */,
			);
			buildRules = (
			);
			dependencies = (
				8EEE44F01EAC886900B4C03A /* PBXTargetDependency */,
			);
			name = blockblockbattle02Tests;
			productName = blockblockbattle02Tests;
			productReference = 8EEE44EE1EAC886900B4C03A /* blockblockbattle02Tests.xctest */;
			productType = "com.apple.product-type.bundle.unit-test";
		};
		8EEE44F81EAC886900B4C03A /* blockblockbattle02UITests */ = {
			isa = PBXNativeTarget;
			buildConfigurationList = 8EEE45081EAC886900B4C03A /* Build configuration list for PBXNativeTarget "blockblockbattle02UITests" */;
			buildPhases = (
				8EEE44F51EAC886900B4C03A /* Sources */,
				8EEE44F61EAC886900B4C03A /* Frameworks */,
				8EEE44F71EAC886900B4C03A /* Resources */,
			);
			buildRules = (
			);
			dependencies = (
				8EEE44FB1EAC886900B4C03A /* PBXTargetDependency */,
			);
			name = blockblockbattle02UITests;
			productName = blockblockbattle02UITests;
			productReference = 8EEE44F91EAC886900B4C03A /* blockblockbattle02UITests.xctest */;
			productType = "com.apple.product-type.bundle.ui-testing";
		};
/* End PBXNativeTarget section */

/* Begin PBXProject section */
		8EEE44D21EAC886800B4C03A /* Project object */ = {
			isa = PBXProject;
			attributes = {
				LastSwiftUpdateCheck = 0830;
				LastUpgradeCheck = 0830;
				ORGANIZATIONNAME = "Tomoyuki Hayakawa";
				TargetAttributes = {
					8EEE44D91EAC886800B4C03A = {
						CreatedOnToolsVersion = 8.3.1;
						DevelopmentTeam = 7BYUJ689J5;
						ProvisioningStyle = Automatic;
					};
					8EEE44ED1EAC886900B4C03A = {
						CreatedOnToolsVersion = 8.3.1;
						DevelopmentTeam = 7BYUJ689J5;
						ProvisioningStyle = Automatic;
						TestTargetID = 8EEE44D91EAC886800B4C03A;
					};
					8EEE44F81EAC886900B4C03A = {
						CreatedOnToolsVersion = 8.3.1;
						DevelopmentTeam = 7BYUJ689J5;
						ProvisioningStyle = Automatic;
						TestTargetID = 8EEE44D91EAC886800B4C03A;
					};
				};
			};
			buildConfigurationList = 8EEE44D51EAC886800B4C03A /* Build configuration list for PBXProject "blockblockbattle02" */;
			compatibilityVersion = "Xcode 3.2";
			developmentRegion = English;
			hasScannedForEncodings = 0;
			knownRegions = (
				en,
				Base,
			);
			mainGroup = 8EEE44D11EAC886800B4C03A;
			productRefGroup = 8EEE44DB1EAC886800B4C03A /* Products */;
			projectDirPath = "";
			projectRoot = "";
			targets = (
				8EEE44D91EAC886800B4C03A /* blockblockbattle02 */,
				8EEE44ED1EAC886900B4C03A /* blockblockbattle02Tests */,
				8EEE44F81EAC886900B4C03A /* blockblockbattle02UITests */,
			);
		};
/* End PBXProject section */

/* Begin PBXResourcesBuildPhase section */
		8EEE44D81EAC886800B4C03A /* Resources */ = {
			isa = PBXResourcesBuildPhase;
			buildActionMask = 2147483647;
			files = (
				CC3647F31EC19B8D007E88B3 /* go.png in Resources */,
				CC3647F11EC19B8D007E88B3 /* 2.png in Resources */,
				CCAE70AD1EBFCFB400E15752 /* PixelMplus12-Regular.ttf in Resources */,
				CC3647FB1EC1AFB7007E88B3 /* startBtn.png in Resources */,
				CC3647F51EC1A329007E88B3 /* topImage.png in Resources */,
				CC3647F91EC1AFB7007E88B3 /* asobikataBtn.png in Resources */,
				8EEE44E81EAC886800B4C03A /* LaunchScreen.storyboard in Resources */,
				CC3647F21EC19B8D007E88B3 /* 3.png in Resources */,
				CC3647FA1EC1AFB7007E88B3 /* sensekiBtn.png in Resources */,
				CCB7EFA81EBCB5D2001E715A /* block_yellow.png in Resources */,
				CCB7EFA71EBCB5D2001E715A /* block_red.png in Resources */,
				CCB7EFA61EBCB5D2001E715A /* block_green.png in Resources */,
				CC3647FD1EC1B327007E88B3 /* taisenBtn.png in Resources */,
				CCB7EFA51EBCB5D2001E715A /* block_blue.png in Resources */,
				8EEE44E51EAC886800B4C03A /* Assets.xcassets in Resources */,
				8E1D5D9A1EAE442D0022A49A /* bar_01.png in Resources */,
				8EEE44E31EAC886800B4C03A /* Main.storyboard in Resources */,
				CC3647F01EC19B8D007E88B3 /* 1.png in Resources */,
			);
			runOnlyForDeploymentPostprocessing = 0;
		};
		8EEE44EC1EAC886900B4C03A /* Resources */ = {
			isa = PBXResourcesBuildPhase;
			buildActionMask = 2147483647;
			files = (
			);
			runOnlyForDeploymentPostprocessing = 0;
		};
		8EEE44F71EAC886900B4C03A /* Resources */ = {
			isa = PBXResourcesBuildPhase;
			buildActionMask = 2147483647;
			files = (
			);
			runOnlyForDeploymentPostprocessing = 0;
		};
/* End PBXResourcesBuildPhase section */

/* Begin PBXSourcesBuildPhase section */
		8EEE44D61EAC886800B4C03A /* Sources */ = {
			isa = PBXSourcesBuildPhase;
			buildActionMask = 2147483647;
			files = (
				8EEE44E01EAC886800B4C03A /* ViewController.swift in Sources */,
				8E1D5D9C1EAE454F0022A49A /* GameViewController.swift in Sources */,
				8EEE44DE1EAC886800B4C03A /* AppDelegate.swift in Sources */,
			);
			runOnlyForDeploymentPostprocessing = 0;
		};
		8EEE44EA1EAC886900B4C03A /* Sources */ = {
			isa = PBXSourcesBuildPhase;
			buildActionMask = 2147483647;
			files = (
				8EEE44F31EAC886900B4C03A /* blockblockbattle02Tests.swift in Sources */,
			);
			runOnlyForDeploymentPostprocessing = 0;
		};
		8EEE44F51EAC886900B4C03A /* Sources */ = {
			isa = PBXSourcesBuildPhase;
			buildActionMask = 2147483647;
			files = (
				8EEE44FE1EAC886900B4C03A /* blockblockbattle02UITests.swift in Sources */,
			);
			runOnlyForDeploymentPostprocessing = 0;
		};
/* End PBXSourcesBuildPhase section */

/* Begin PBXTargetDependency section */
		8EEE44F01EAC886900B4C03A /* PBXTargetDependency */ = {
			isa = PBXTargetDependency;
			target = 8EEE44D91EAC886800B4C03A /* blockblockbattle02 */;
			targetProxy = 8EEE44EF1EAC886900B4C03A /* PBXContainerItemProxy */;
		};
		8EEE44FB1EAC886900B4C03A /* PBXTargetDependency */ = {
			isa = PBXTargetDependency;
			target = 8EEE44D91EAC886800B4C03A /* blockblockbattle02 */;
			targetProxy = 8EEE44FA1EAC886900B4C03A /* PBXContainerItemProxy */;
		};
/* End PBXTargetDependency section */

/* Begin PBXVariantGroup section */
		8EEE44E11EAC886800B4C03A /* Main.storyboard */ = {
			isa = PBXVariantGroup;
			children = (
				8EEE44E21EAC886800B4C03A /* Base */,
			);
			name = Main.storyboard;
			sourceTree = "<group>";
		};
		8EEE44E61EAC886800B4C03A /* LaunchScreen.storyboard */ = {
			isa = PBXVariantGroup;
			children = (
				8EEE44E71EAC886800B4C03A /* Base */,
			);
			name = LaunchScreen.storyboard;
			sourceTree = "<group>";
		};
/* End PBXVariantGroup section */

/* Begin XCBuildConfiguration section */
		8EEE45001EAC886900B4C03A /* Debug */ = {
			isa = XCBuildConfiguration;
			buildSettings = {
				ALWAYS_SEARCH_USER_PATHS = NO;
				CLANG_ANALYZER_NONNULL = YES;
				CLANG_ANALYZER_NUMBER_OBJECT_CONVERSION = YES_AGGRESSIVE;
				CLANG_CXX_LANGUAGE_STANDARD = "gnu++0x";
				CLANG_CXX_LIBRARY = "libc++";
				CLANG_ENABLE_MODULES = YES;
				CLANG_ENABLE_OBJC_ARC = YES;
				CLANG_WARN_BOOL_CONVERSION = YES;
				CLANG_WARN_CONSTANT_CONVERSION = YES;
				CLANG_WARN_DIRECT_OBJC_ISA_USAGE = YES_ERROR;
				CLANG_WARN_DOCUMENTATION_COMMENTS = YES;
				CLANG_WARN_EMPTY_BODY = YES;
				CLANG_WARN_ENUM_CONVERSION = YES;
				CLANG_WARN_INFINITE_RECURSION = YES;
				CLANG_WARN_INT_CONVERSION = YES;
				CLANG_WARN_OBJC_ROOT_CLASS = YES_ERROR;
				CLANG_WARN_SUSPICIOUS_MOVE = YES;
				CLANG_WARN_UNREACHABLE_CODE = YES;
				CLANG_WARN__DUPLICATE_METHOD_MATCH = YES;
				"CODE_SIGN_IDENTITY[sdk=iphoneos*]" = "iPhone Developer";
				COPY_PHASE_STRIP = NO;
				DEBUG_INFORMATION_FORMAT = dwarf;
				ENABLE_STRICT_OBJC_MSGSEND = YES;
				ENABLE_TESTABILITY = YES;
				GCC_C_LANGUAGE_STANDARD = gnu99;
				GCC_DYNAMIC_NO_PIC = NO;
				GCC_NO_COMMON_BLOCKS = YES;
				GCC_OPTIMIZATION_LEVEL = 0;
				GCC_PREPROCESSOR_DEFINITIONS = (
					"DEBUG=1",
					"$(inherited)",
				);
				GCC_WARN_64_TO_32_BIT_CONVERSION = YES;
				GCC_WARN_ABOUT_RETURN_TYPE = YES_ERROR;
				GCC_WARN_UNDECLARED_SELECTOR = YES;
				GCC_WARN_UNINITIALIZED_AUTOS = YES_AGGRESSIVE;
				GCC_WARN_UNUSED_FUNCTION = YES;
				GCC_WARN_UNUSED_VARIABLE = YES;
				IPHONEOS_DEPLOYMENT_TARGET = 10.3;
				MTL_ENABLE_DEBUG_INFO = YES;
				ONLY_ACTIVE_ARCH = YES;
				SDKROOT = iphoneos;
				SWIFT_ACTIVE_COMPILATION_CONDITIONS = DEBUG;
				SWIFT_OPTIMIZATION_LEVEL = "-Onone";
			};
			name = Debug;
		};
		8EEE45011EAC886900B4C03A /* Release */ = {
			isa = XCBuildConfiguration;
			buildSettings = {
				ALWAYS_SEARCH_USER_PATHS = NO;
				CLANG_ANALYZER_NONNULL = YES;
				CLANG_ANALYZER_NUMBER_OBJECT_CONVERSION = YES_AGGRESSIVE;
				CLANG_CXX_LANGUAGE_STANDARD = "gnu++0x";
				CLANG_CXX_LIBRARY = "libc++";
				CLANG_ENABLE_MODULES = YES;
				CLANG_ENABLE_OBJC_ARC = YES;
				CLANG_WARN_BOOL_CONVERSION = YES;
				CLANG_WARN_CONSTANT_CONVERSION = YES;
				CLANG_WARN_DIRECT_OBJC_ISA_USAGE = YES_ERROR;
				CLANG_WARN_DOCUMENTATION_COMMENTS = YES;
				CLANG_WARN_EMPTY_BODY = YES;
				CLANG_WARN_ENUM_CONVERSION = YES;
				CLANG_WARN_INFINITE_RECURSION = YES;
				CLANG_WARN_INT_CONVERSION = YES;
				CLANG_WARN_OBJC_ROOT_CLASS = YES_ERROR;
				CLANG_WARN_SUSPICIOUS_MOVE = YES;
				CLANG_WARN_UNREACHABLE_CODE = YES;
				CLANG_WARN__DUPLICATE_METHOD_MATCH = YES;
				"CODE_SIGN_IDENTITY[sdk=iphoneos*]" = "iPhone Developer";
				COPY_PHASE_STRIP = NO;
				DEBUG_INFORMATION_FORMAT = "dwarf-with-dsym";
				ENABLE_NS_ASSERTIONS = NO;
				ENABLE_STRICT_OBJC_MSGSEND = YES;
				GCC_C_LANGUAGE_STANDARD = gnu99;
				GCC_NO_COMMON_BLOCKS = YES;
				GCC_WARN_64_TO_32_BIT_CONVERSION = YES;
				GCC_WARN_ABOUT_RETURN_TYPE = YES_ERROR;
				GCC_WARN_UNDECLARED_SELECTOR = YES;
				GCC_WARN_UNINITIALIZED_AUTOS = YES_AGGRESSIVE;
				GCC_WARN_UNUSED_FUNCTION = YES;
				GCC_WARN_UNUSED_VARIABLE = YES;
				IPHONEOS_DEPLOYMENT_TARGET = 10.3;
				MTL_ENABLE_DEBUG_INFO = NO;
				SDKROOT = iphoneos;
				SWIFT_OPTIMIZATION_LEVEL = "-Owholemodule";
				VALIDATE_PRODUCT = YES;
			};
			name = Release;
		};
		8EEE45031EAC886900B4C03A /* Debug */ = {
			isa = XCBuildConfiguration;
			buildSettings = {
				ASSETCATALOG_COMPILER_APPICON_NAME = AppIcon;
				DEVELOPMENT_TEAM = 7BYUJ689J5;
				INFOPLIST_FILE = blockblockbattle02/Info.plist;
				IPHONEOS_DEPLOYMENT_TARGET = 10.0;
				LD_RUNPATH_SEARCH_PATHS = "$(inherited) @executable_path/Frameworks";
				PRODUCT_BUNDLE_IDENTIFIER = "Tomoyuki-Hayakawa.blockblockbattle02";
				PRODUCT_NAME = "$(TARGET_NAME)";
				SWIFT_VERSION = 3.0;
			};
			name = Debug;
		};
		8EEE45041EAC886900B4C03A /* Release */ = {
			isa = XCBuildConfiguration;
			buildSettings = {
				ASSETCATALOG_COMPILER_APPICON_NAME = AppIcon;
				DEVELOPMENT_TEAM = 7BYUJ689J5;
				INFOPLIST_FILE = blockblockbattle02/Info.plist;
				IPHONEOS_DEPLOYMENT_TARGET = 10.0;
				LD_RUNPATH_SEARCH_PATHS = "$(inherited) @executable_path/Frameworks";
				PRODUCT_BUNDLE_IDENTIFIER = "Tomoyuki-Hayakawa.blockblockbattle02";
				PRODUCT_NAME = "$(TARGET_NAME)";
				SWIFT_VERSION = 3.0;
			};
			name = Release;
		};
		8EEE45061EAC886900B4C03A /* Debug */ = {
			isa = XCBuildConfiguration;
			buildSettings = {
				ALWAYS_EMBED_SWIFT_STANDARD_LIBRARIES = YES;
				BUNDLE_LOADER = "$(TEST_HOST)";
				DEVELOPMENT_TEAM = 7BYUJ689J5;
				INFOPLIST_FILE = blockblockbattle02Tests/Info.plist;
				LD_RUNPATH_SEARCH_PATHS = "$(inherited) @executable_path/Frameworks @loader_path/Frameworks";
				PRODUCT_BUNDLE_IDENTIFIER = "Tomoyuki-Hayakawa.blockblockbattle02Tests";
				PRODUCT_NAME = "$(TARGET_NAME)";
				SWIFT_VERSION = 3.0;
				TEST_HOST = "$(BUILT_PRODUCTS_DIR)/blockblockbattle02.app/blockblockbattle02";
			};
			name = Debug;
		};
		8EEE45071EAC886900B4C03A /* Release */ = {
			isa = XCBuildConfiguration;
			buildSettings = {
				ALWAYS_EMBED_SWIFT_STANDARD_LIBRARIES = YES;
				BUNDLE_LOADER = "$(TEST_HOST)";
				DEVELOPMENT_TEAM = 7BYUJ689J5;
				INFOPLIST_FILE = blockblockbattle02Tests/Info.plist;
				LD_RUNPATH_SEARCH_PATHS = "$(inherited) @executable_path/Frameworks @loader_path/Frameworks";
				PRODUCT_BUNDLE_IDENTIFIER = "Tomoyuki-Hayakawa.blockblockbattle02Tests";
				PRODUCT_NAME = "$(TARGET_NAME)";
				SWIFT_VERSION = 3.0;
				TEST_HOST = "$(BUILT_PRODUCTS_DIR)/blockblockbattle02.app/blockblockbattle02";
			};
			name = Release;
		};
		8EEE45091EAC886900B4C03A /* Debug */ = {
			isa = XCBuildConfiguration;
			buildSettings = {
				ALWAYS_EMBED_SWIFT_STANDARD_LIBRARIES = YES;
				DEVELOPMENT_TEAM = 7BYUJ689J5;
				INFOPLIST_FILE = blockblockbattle02UITests/Info.plist;
				LD_RUNPATH_SEARCH_PATHS = "$(inherited) @executable_path/Frameworks @loader_path/Frameworks";
				PRODUCT_BUNDLE_IDENTIFIER = "Tomoyuki-Hayakawa.blockblockbattle02UITests";
				PRODUCT_NAME = "$(TARGET_NAME)";
				SWIFT_VERSION = 3.0;
				TEST_TARGET_NAME = blockblockbattle02;
			};
			name = Debug;
		};
		8EEE450A1EAC886900B4C03A /* Release */ = {
			isa = XCBuildConfiguration;
			buildSettings = {
				ALWAYS_EMBED_SWIFT_STANDARD_LIBRARIES = YES;
				DEVELOPMENT_TEAM = 7BYUJ689J5;
				INFOPLIST_FILE = blockblockbattle02UITests/Info.plist;
				LD_RUNPATH_SEARCH_PATHS = "$(inherited) @executable_path/Frameworks @loader_path/Frameworks";
				PRODUCT_BUNDLE_IDENTIFIER = "Tomoyuki-Hayakawa.blockblockbattle02UITests";
				PRODUCT_NAME = "$(TARGET_NAME)";
				SWIFT_VERSION = 3.0;
				TEST_TARGET_NAME = blockblockbattle02;
			};
			name = Release;
		};
/* End XCBuildConfiguration section */

/* Begin XCConfigurationList section */
		8EEE44D51EAC886800B4C03A /* Build configuration list for PBXProject "blockblockbattle02" */ = {
			isa = XCConfigurationList;
			buildConfigurations = (
				8EEE45001EAC886900B4C03A /* Debug */,
				8EEE45011EAC886900B4C03A /* Release */,
			);
			defaultConfigurationIsVisible = 0;
			defaultConfigurationName = Release;
		};
		8EEE45021EAC886900B4C03A /* Build configuration list for PBXNativeTarget "blockblockbattle02" */ = {
			isa = XCConfigurationList;
			buildConfigurations = (
				8EEE45031EAC886900B4C03A /* Debug */,
				8EEE45041EAC886900B4C03A /* Release */,
			);
			defaultConfigurationIsVisible = 0;
			defaultConfigurationName = Release;
		};
		8EEE45051EAC886900B4C03A /* Build configuration list for PBXNativeTarget "blockblockbattle02Tests" */ = {
			isa = XCConfigurationList;
			buildConfigurations = (
				8EEE45061EAC886900B4C03A /* Debug */,
				8EEE45071EAC886900B4C03A /* Release */,
			);
			defaultConfigurationIsVisible = 0;
			defaultConfigurationName = Release;
		};
		8EEE45081EAC886900B4C03A /* Build configuration list for PBXNativeTarget "blockblockbattle02UITests" */ = {
			isa = XCConfigurationList;
			buildConfigurations = (
				8EEE45091EAC886900B4C03A /* Debug */,
				8EEE450A1EAC886900B4C03A /* Release */,
			);
			defaultConfigurationIsVisible = 0;
			defaultConfigurationName = Release;
		};
/* End XCConfigurationList section */
	};
	rootObject = 8EEE44D21EAC886800B4C03A /* Project object */;
}
